
Microsoft Visual Studio Solution File, Format Version 12.00
# Visual Studio 15
VisualStudioVersion = 15.0.27703.2018
MinimumVisualStudioVersion = 10.0.40219.1
Project("{8BC9CEB8-8B4A-11D0-8D11-00A0C91BC942}") = "MagickMeter", "MagickMeter.vcxproj", "{C33E34B7-CE75-4D43-B5FC-09AFEF46E4BA}"
EndProject
Global
	GlobalSection(SolutionConfigurationPlatforms) = preSolution
		Debug|x64 = Debug|x64
		Debug|x86 = Debug|x86
		Release|x64 = Release|x64
		Release|x86 = Release|x86
	EndGlobalSection
	GlobalSection(ProjectConfigurationPlatforms) = postSolution
		{C33E34B7-CE75-4D43-B5FC-09AFEF46E4BA}.Debug|x64.ActiveCfg = Debug|x64
		{C33E34B7-CE75-4D43-B5FC-09AFEF46E4BA}.Debug|x64.Build.0 = Debug|x64
		{C33E34B7-CE75-4D43-B5FC-09AFEF46E4BA}.Debug|x86.ActiveCfg = Debug|Win32
		{C33E34B7-CE75-4D43-B5FC-09AFEF46E4BA}.Debug|x86.Build.0 = Debug|Win32
		{C33E34B7-CE75-4D43-B5FC-09AFEF46E4BA}.Release|x64.ActiveCfg = Release|x64
		{C33E34B7-CE75-4D43-B5FC-09AFEF46E4BA}.Release|x64.Build.0 = Release|x64
		{C33E34B7-CE75-4D43-B5FC-09AFEF46E4BA}.Release|x86.ActiveCfg = Release|Win32
		{C33E34B7-CE75-4D43-B5FC-09AFEF46E4BA}.Release|x86.Build.0 = Release|Win32
	EndGlobalSection
	GlobalSection(SolutionProperties) = preSolution
		HideSolutionNode = FALSE
	EndGlobalSection
	GlobalSection(ExtensibilityGlobals) = postSolution
		SolutionGuid = {607B698F-DD71-415C-843A-EA13435F3DE9}
	EndGlobalSection
EndGlobal
